
Microsoft Visual Studio Solution File, Format Version 12.00
# Visual Studio Version 16
VisualStudioVersion = 16.0.29728.190
MinimumVisualStudioVersion = 10.0.40219.1
Project("{9A19103F-16F7-4668-BE54-9A1E7A4F7556}") = "JumpingOnTheClouds", "JumpingOnTheClouds\JumpingOnTheClouds.csproj", "{50AA37FB-966D-4283-AF7D-0E0EFCC59EF0}"
EndProject
Project("{9A19103F-16F7-4668-BE54-9A1E7A4F7556}") = "CountingValleys", "CountingValleys\CountingValleys.csproj", "{958592EE-49E4-4514-B48E-8E635D9D7CF7}"
EndProject
Project("{9A19103F-16F7-4668-BE54-9A1E7A4F7556}") = "RepeatedString", "RepeatedString\RepeatedString.csproj", "{9AD02FC4-29E4-44FC-9224-787965544CA9}"
EndProject
Project("{9A19103F-16F7-4668-BE54-9A1E7A4F7556}") = "HourglassSum", "HourGlassArray\HourglassSum.csproj", "{B24E8AFD-72A6-4959-897D-489F2FC7D3A5}"
EndProject
Project("{2150E333-8FDC-42A3-9474-1A3956D46DE8}") = "Array", "Array", "{1ADEC49F-B6CB-4974-B269-1327A071B653}"
EndProject
Project("{9A19103F-16F7-4668-BE54-9A1E7A4F7556}") = "LeftRotation", "LeftRotation\LeftRotation.csproj", "{ADEDFDD8-C3B8-4610-B24D-50D4288627B4}"
EndProject
Project("{9A19103F-16F7-4668-BE54-9A1E7A4F7556}") = "NewYearChaos", "NewYearChaos\NewYearChaos.csproj", "{2A6355D6-F6A1-4298-B571-DBE7BBFF1CE0}"
EndProject
Project("{9A19103F-16F7-4668-BE54-9A1E7A4F7556}") = "ArrayManipulation", "ArrayManipulation\ArrayManipulation.csproj", "{491B4B33-9968-4176-9568-B2E2349CAA37}"
EndProject
Project("{9A19103F-16F7-4668-BE54-9A1E7A4F7556}") = "MinimumSwaps", "MinimumSwaps\MinimumSwaps.csproj", "{67E6AF54-3501-4C75-A39A-DF93FA6C5A79}"
EndProject
Project("{2150E333-8FDC-42A3-9474-1A3956D46DE8}") = "DictionaryHashset", "DictionaryHashset", "{D959E114-4425-4361-9696-746450465154}"
EndProject
Project("{9A19103F-16F7-4668-BE54-9A1E7A4F7556}") = "RansomNote", "RansomNote\RansomNote.csproj", "{CFF0D330-343C-4FE1-BAEE-3E25FB2D16DE}"
EndProject
Project("{9A19103F-16F7-4668-BE54-9A1E7A4F7556}") = "TwoStrings", "TwoStrings\TwoStrings.csproj", "{17B94081-7B4C-4631-BD1D-94881A2286E2}"
EndProject
Project("{9A19103F-16F7-4668-BE54-9A1E7A4F7556}") = "SherlockAndAnagrams", "SherlockAndAnagrams\SherlockAndAnagrams.csproj", "{541A369A-048D-4BF9-8093-5BA58FF8F8CE}"
EndProject
Project("{9A19103F-16F7-4668-BE54-9A1E7A4F7556}") = "CountTriplets", "CountTriplets\CountTriplets.csproj", "{4A12E05B-0D88-4170-87F2-75C7D4A85FB9}"
EndProject
Project("{2150E333-8FDC-42A3-9474-1A3956D46DE8}") = "Warmup", "Warmup", "{76080D49-40CE-4BCE-95DE-AF4B1A738260}"
EndProject
Project("{2150E333-8FDC-42A3-9474-1A3956D46DE8}") = "VMWare", "VMWare", "{5DD27A9E-44C1-4753-8932-9618D029EC6C}"
EndProject
Project("{9A19103F-16F7-4668-BE54-9A1E7A4F7556}") = "FileSystemDeleteEmptyItems", "FileSystemDeleteEmptyItems\FileSystemDeleteEmptyItems.csproj", "{3C1DEDC9-9195-4A89-8D20-58FA2C713407}"
EndProject
Project("{2150E333-8FDC-42A3-9474-1A3956D46DE8}") = "Tree", "Tree", "{6C08FDF4-CFE9-4DA0-AC0F-1C5BE7FA1C73}"
EndProject
Project("{9A19103F-16F7-4668-BE54-9A1E7A4F7556}") = "Assignment", "Assignment\Assignment.csproj", "{E907F1B0-50CE-4270-80DC-9030CC41B4E3}"
EndProject
Project("{9A19103F-16F7-4668-BE54-9A1E7A4F7556}") = "ReverseArray", "ReverseArray\ReverseArray.csproj", "{29313BDB-C35C-40BB-AFB4-CDAEA512D5D9}"
EndProject
Project("{9A19103F-16F7-4668-BE54-9A1E7A4F7556}") = "DownloadManager", "DownloadManager\DownloadManager.csproj", "{6559ACC5-4298-4F78-9627-101F91351476}"
EndProject
Project("{9A19103F-16F7-4668-BE54-9A1E7A4F7556}") = "ReorderArray", "ReorderArray\ReorderArray.csproj", "{9279755E-D6F8-46F8-8CA0-44917A37D01A}"
EndProject
Project("{9A19103F-16F7-4668-BE54-9A1E7A4F7556}") = "SockMerchant", "SockMerchant\SockMerchant.csproj", "{04C6375E-333E-4C4E-9034-727ED0836BA2}"
EndProject
Project("{9A19103F-16F7-4668-BE54-9A1E7A4F7556}") = "DynamicArray", "DynamicArray\DynamicArray.csproj", "{281C4929-957F-41D1-8A03-46C0D05CCB76}"
EndProject
Project("{9A19103F-16F7-4668-BE54-9A1E7A4F7556}") = "SparseArrays", "SparseArrays\SparseArrays.csproj", "{94C01CF8-9F47-4416-9196-E2FFE5A22FAF}"
EndProject
Project("{2150E333-8FDC-42A3-9474-1A3956D46DE8}") = "LinkedList", "LinkedList", "{6FEAF33E-9574-4F04-A37B-13FA0359420D}"
EndProject
Project("{9A19103F-16F7-4668-BE54-9A1E7A4F7556}") = "LinkedListOperations", "LinkedListOperations\LinkedListOperations.csproj", "{096382C4-E964-4B9A-AAD8-FFF7814880CB}"
EndProject
Project("{2150E333-8FDC-42A3-9474-1A3956D46DE8}") = "Stack", "Stack", "{CAC632F5-8281-4D78-8669-B6074CD92B06}"
EndProject
Project("{9A19103F-16F7-4668-BE54-9A1E7A4F7556}") = "BalancedParanthesesCheck", "BalancedParanthesesCheck\BalancedParanthesesCheck.csproj", "{A6FD7311-C62E-460B-906A-46D2365A2242}"
EndProject
Project("{2150E333-8FDC-42A3-9474-1A3956D46DE8}") = "DataStructures", "DataStructures", "{F737BC8E-6007-4E56-A703-0F8F461DE250}"
EndProject
Project("{2150E333-8FDC-42A3-9474-1A3956D46DE8}") = "Algorithms", "Algorithms", "{814D3361-4A1C-40C9-AB79-C84410559B22}"
EndProject
Project("{FAE04EC0-301F-11D3-BF4B-00C04F79EFBC}") = "BirthdayCakeCandles", "BirthdayCakeCandles\BirthdayCakeCandles.csproj", "{C8BE503A-3CF7-43EE-8D39-D9D751A2C4D0}"
EndProject
Project("{FAE04EC0-301F-11D3-BF4B-00C04F79EFBC}") = "TimeConversion", "TimeConversion\TimeConversion.csproj", "{B1D789F7-A018-4EFB-AC05-5AD859C61F8B}"
EndProject
Project("{FAE04EC0-301F-11D3-BF4B-00C04F79EFBC}") = "GradingStudents", "GradingStudents\GradingStudents.csproj", "{3267B689-ED89-4C2C-9549-1E86525E248F}"
EndProject
Project("{FAE04EC0-301F-11D3-BF4B-00C04F79EFBC}") = "AppleAndOrange", "AppleAndOrange\AppleAndOrange.csproj", "{E89329A0-DE54-4DA0-83BE-1AD7D0512400}"
EndProject
Global
	GlobalSection(SolutionConfigurationPlatforms) = preSolution
		Debug|Any CPU = Debug|Any CPU
		Release|Any CPU = Release|Any CPU
	EndGlobalSection
	GlobalSection(ProjectConfigurationPlatforms) = postSolution
		{50AA37FB-966D-4283-AF7D-0E0EFCC59EF0}.Debug|Any CPU.ActiveCfg = Debug|Any CPU
		{50AA37FB-966D-4283-AF7D-0E0EFCC59EF0}.Debug|Any CPU.Build.0 = Debug|Any CPU
		{50AA37FB-966D-4283-AF7D-0E0EFCC59EF0}.Release|Any CPU.ActiveCfg = Release|Any CPU
		{50AA37FB-966D-4283-AF7D-0E0EFCC59EF0}.Release|Any CPU.Build.0 = Release|Any CPU
		{958592EE-49E4-4514-B48E-8E635D9D7CF7}.Debug|Any CPU.ActiveCfg = Debug|Any CPU
		{958592EE-49E4-4514-B48E-8E635D9D7CF7}.Debug|Any CPU.Build.0 = Debug|Any CPU
		{958592EE-49E4-4514-B48E-8E635D9D7CF7}.Release|Any CPU.ActiveCfg = Release|Any CPU
		{958592EE-49E4-4514-B48E-8E635D9D7CF7}.Release|Any CPU.Build.0 = Release|Any CPU
		{9AD02FC4-29E4-44FC-9224-787965544CA9}.Debug|Any CPU.ActiveCfg = Debug|Any CPU
		{9AD02FC4-29E4-44FC-9224-787965544CA9}.Debug|Any CPU.Build.0 = Debug|Any CPU
		{9AD02FC4-29E4-44FC-9224-787965544CA9}.Release|Any CPU.ActiveCfg = Release|Any CPU
		{9AD02FC4-29E4-44FC-9224-787965544CA9}.Release|Any CPU.Build.0 = Release|Any CPU
		{B24E8AFD-72A6-4959-897D-489F2FC7D3A5}.Debug|Any CPU.ActiveCfg = Debug|Any CPU
		{B24E8AFD-72A6-4959-897D-489F2FC7D3A5}.Debug|Any CPU.Build.0 = Debug|Any CPU
		{B24E8AFD-72A6-4959-897D-489F2FC7D3A5}.Release|Any CPU.ActiveCfg = Release|Any CPU
		{B24E8AFD-72A6-4959-897D-489F2FC7D3A5}.Release|Any CPU.Build.0 = Release|Any CPU
		{ADEDFDD8-C3B8-4610-B24D-50D4288627B4}.Debug|Any CPU.ActiveCfg = Debug|Any CPU
		{ADEDFDD8-C3B8-4610-B24D-50D4288627B4}.Debug|Any CPU.Build.0 = Debug|Any CPU
		{ADEDFDD8-C3B8-4610-B24D-50D4288627B4}.Release|Any CPU.ActiveCfg = Release|Any CPU
		{ADEDFDD8-C3B8-4610-B24D-50D4288627B4}.Release|Any CPU.Build.0 = Release|Any CPU
		{2A6355D6-F6A1-4298-B571-DBE7BBFF1CE0}.Debug|Any CPU.ActiveCfg = Debug|Any CPU
		{2A6355D6-F6A1-4298-B571-DBE7BBFF1CE0}.Debug|Any CPU.Build.0 = Debug|Any CPU
		{2A6355D6-F6A1-4298-B571-DBE7BBFF1CE0}.Release|Any CPU.ActiveCfg = Release|Any CPU
		{2A6355D6-F6A1-4298-B571-DBE7BBFF1CE0}.Release|Any CPU.Build.0 = Release|Any CPU
		{491B4B33-9968-4176-9568-B2E2349CAA37}.Debug|Any CPU.ActiveCfg = Debug|Any CPU
		{491B4B33-9968-4176-9568-B2E2349CAA37}.Debug|Any CPU.Build.0 = Debug|Any CPU
		{491B4B33-9968-4176-9568-B2E2349CAA37}.Release|Any CPU.ActiveCfg = Release|Any CPU
		{491B4B33-9968-4176-9568-B2E2349CAA37}.Release|Any CPU.Build.0 = Release|Any CPU
		{67E6AF54-3501-4C75-A39A-DF93FA6C5A79}.Debug|Any CPU.ActiveCfg = Debug|Any CPU
		{67E6AF54-3501-4C75-A39A-DF93FA6C5A79}.Debug|Any CPU.Build.0 = Debug|Any CPU
		{67E6AF54-3501-4C75-A39A-DF93FA6C5A79}.Release|Any CPU.ActiveCfg = Release|Any CPU
		{67E6AF54-3501-4C75-A39A-DF93FA6C5A79}.Release|Any CPU.Build.0 = Release|Any CPU
		{CFF0D330-343C-4FE1-BAEE-3E25FB2D16DE}.Debug|Any CPU.ActiveCfg = Debug|Any CPU
		{CFF0D330-343C-4FE1-BAEE-3E25FB2D16DE}.Debug|Any CPU.Build.0 = Debug|Any CPU
		{CFF0D330-343C-4FE1-BAEE-3E25FB2D16DE}.Release|Any CPU.ActiveCfg = Release|Any CPU
		{CFF0D330-343C-4FE1-BAEE-3E25FB2D16DE}.Release|Any CPU.Build.0 = Release|Any CPU
		{17B94081-7B4C-4631-BD1D-94881A2286E2}.Debug|Any CPU.ActiveCfg = Debug|Any CPU
		{17B94081-7B4C-4631-BD1D-94881A2286E2}.Debug|Any CPU.Build.0 = Debug|Any CPU
		{17B94081-7B4C-4631-BD1D-94881A2286E2}.Release|Any CPU.ActiveCfg = Release|Any CPU
		{17B94081-7B4C-4631-BD1D-94881A2286E2}.Release|Any CPU.Build.0 = Release|Any CPU
		{541A369A-048D-4BF9-8093-5BA58FF8F8CE}.Debug|Any CPU.ActiveCfg = Debug|Any CPU
		{541A369A-048D-4BF9-8093-5BA58FF8F8CE}.Debug|Any CPU.Build.0 = Debug|Any CPU
		{541A369A-048D-4BF9-8093-5BA58FF8F8CE}.Release|Any CPU.ActiveCfg = Release|Any CPU
		{541A369A-048D-4BF9-8093-5BA58FF8F8CE}.Release|Any CPU.Build.0 = Release|Any CPU
		{4A12E05B-0D88-4170-87F2-75C7D4A85FB9}.Debug|Any CPU.ActiveCfg = Debug|Any CPU
		{4A12E05B-0D88-4170-87F2-75C7D4A85FB9}.Debug|Any CPU.Build.0 = Debug|Any CPU
		{4A12E05B-0D88-4170-87F2-75C7D4A85FB9}.Release|Any CPU.ActiveCfg = Release|Any CPU
		{4A12E05B-0D88-4170-87F2-75C7D4A85FB9}.Release|Any CPU.Build.0 = Release|Any CPU
		{3C1DEDC9-9195-4A89-8D20-58FA2C713407}.Debug|Any CPU.ActiveCfg = Debug|Any CPU
		{3C1DEDC9-9195-4A89-8D20-58FA2C713407}.Debug|Any CPU.Build.0 = Debug|Any CPU
		{3C1DEDC9-9195-4A89-8D20-58FA2C713407}.Release|Any CPU.ActiveCfg = Release|Any CPU
		{3C1DEDC9-9195-4A89-8D20-58FA2C713407}.Release|Any CPU.Build.0 = Release|Any CPU
		{E907F1B0-50CE-4270-80DC-9030CC41B4E3}.Debug|Any CPU.ActiveCfg = Debug|Any CPU
		{E907F1B0-50CE-4270-80DC-9030CC41B4E3}.Debug|Any CPU.Build.0 = Debug|Any CPU
		{E907F1B0-50CE-4270-80DC-9030CC41B4E3}.Release|Any CPU.ActiveCfg = Release|Any CPU
		{E907F1B0-50CE-4270-80DC-9030CC41B4E3}.Release|Any CPU.Build.0 = Release|Any CPU
		{29313BDB-C35C-40BB-AFB4-CDAEA512D5D9}.Debug|Any CPU.ActiveCfg = Debug|Any CPU
		{29313BDB-C35C-40BB-AFB4-CDAEA512D5D9}.Debug|Any CPU.Build.0 = Debug|Any CPU
		{29313BDB-C35C-40BB-AFB4-CDAEA512D5D9}.Release|Any CPU.ActiveCfg = Release|Any CPU
		{29313BDB-C35C-40BB-AFB4-CDAEA512D5D9}.Release|Any CPU.Build.0 = Release|Any CPU
		{6559ACC5-4298-4F78-9627-101F91351476}.Debug|Any CPU.ActiveCfg = Debug|Any CPU
		{6559ACC5-4298-4F78-9627-101F91351476}.Debug|Any CPU.Build.0 = Debug|Any CPU
		{6559ACC5-4298-4F78-9627-101F91351476}.Release|Any CPU.ActiveCfg = Release|Any CPU
		{6559ACC5-4298-4F78-9627-101F91351476}.Release|Any CPU.Build.0 = Release|Any CPU
		{9279755E-D6F8-46F8-8CA0-44917A37D01A}.Debug|Any CPU.ActiveCfg = Debug|Any CPU
		{9279755E-D6F8-46F8-8CA0-44917A37D01A}.Debug|Any CPU.Build.0 = Debug|Any CPU
		{9279755E-D6F8-46F8-8CA0-44917A37D01A}.Release|Any CPU.ActiveCfg = Release|Any CPU
		{9279755E-D6F8-46F8-8CA0-44917A37D01A}.Release|Any CPU.Build.0 = Release|Any CPU
		{04C6375E-333E-4C4E-9034-727ED0836BA2}.Debug|Any CPU.ActiveCfg = Debug|Any CPU
		{04C6375E-333E-4C4E-9034-727ED0836BA2}.Debug|Any CPU.Build.0 = Debug|Any CPU
		{04C6375E-333E-4C4E-9034-727ED0836BA2}.Release|Any CPU.ActiveCfg = Release|Any CPU
		{04C6375E-333E-4C4E-9034-727ED0836BA2}.Release|Any CPU.Build.0 = Release|Any CPU
		{281C4929-957F-41D1-8A03-46C0D05CCB76}.Debug|Any CPU.ActiveCfg = Debug|Any CPU
		{281C4929-957F-41D1-8A03-46C0D05CCB76}.Debug|Any CPU.Build.0 = Debug|Any CPU
		{281C4929-957F-41D1-8A03-46C0D05CCB76}.Release|Any CPU.ActiveCfg = Release|Any CPU
		{281C4929-957F-41D1-8A03-46C0D05CCB76}.Release|Any CPU.Build.0 = Release|Any CPU
		{94C01CF8-9F47-4416-9196-E2FFE5A22FAF}.Debug|Any CPU.ActiveCfg = Debug|Any CPU
		{94C01CF8-9F47-4416-9196-E2FFE5A22FAF}.Debug|Any CPU.Build.0 = Debug|Any CPU
		{94C01CF8-9F47-4416-9196-E2FFE5A22FAF}.Release|Any CPU.ActiveCfg = Release|Any CPU
		{94C01CF8-9F47-4416-9196-E2FFE5A22FAF}.Release|Any CPU.Build.0 = Release|Any CPU
		{096382C4-E964-4B9A-AAD8-FFF7814880CB}.Debug|Any CPU.ActiveCfg = Debug|Any CPU
		{096382C4-E964-4B9A-AAD8-FFF7814880CB}.Debug|Any CPU.Build.0 = Debug|Any CPU
		{096382C4-E964-4B9A-AAD8-FFF7814880CB}.Release|Any CPU.ActiveCfg = Release|Any CPU
		{096382C4-E964-4B9A-AAD8-FFF7814880CB}.Release|Any CPU.Build.0 = Release|Any CPU
		{A6FD7311-C62E-460B-906A-46D2365A2242}.Debug|Any CPU.ActiveCfg = Debug|Any CPU
		{A6FD7311-C62E-460B-906A-46D2365A2242}.Debug|Any CPU.Build.0 = Debug|Any CPU
		{A6FD7311-C62E-460B-906A-46D2365A2242}.Release|Any CPU.ActiveCfg = Release|Any CPU
		{A6FD7311-C62E-460B-906A-46D2365A2242}.Release|Any CPU.Build.0 = Release|Any CPU
		{C8BE503A-3CF7-43EE-8D39-D9D751A2C4D0}.Debug|Any CPU.ActiveCfg = Debug|Any CPU
		{C8BE503A-3CF7-43EE-8D39-D9D751A2C4D0}.Debug|Any CPU.Build.0 = Debug|Any CPU
		{C8BE503A-3CF7-43EE-8D39-D9D751A2C4D0}.Release|Any CPU.ActiveCfg = Release|Any CPU
		{C8BE503A-3CF7-43EE-8D39-D9D751A2C4D0}.Release|Any CPU.Build.0 = Release|Any CPU
		{B1D789F7-A018-4EFB-AC05-5AD859C61F8B}.Debug|Any CPU.ActiveCfg = Debug|Any CPU
		{B1D789F7-A018-4EFB-AC05-5AD859C61F8B}.Debug|Any CPU.Build.0 = Debug|Any CPU
		{B1D789F7-A018-4EFB-AC05-5AD859C61F8B}.Release|Any CPU.ActiveCfg = Release|Any CPU
		{B1D789F7-A018-4EFB-AC05-5AD859C61F8B}.Release|Any CPU.Build.0 = Release|Any CPU
		{3267B689-ED89-4C2C-9549-1E86525E248F}.Debug|Any CPU.ActiveCfg = Debug|Any CPU
		{3267B689-ED89-4C2C-9549-1E86525E248F}.Debug|Any CPU.Build.0 = Debug|Any CPU
		{3267B689-ED89-4C2C-9549-1E86525E248F}.Release|Any CPU.ActiveCfg = Release|Any CPU
		{3267B689-ED89-4C2C-9549-1E86525E248F}.Release|Any CPU.Build.0 = Release|Any CPU
		{E89329A0-DE54-4DA0-83BE-1AD7D0512400}.Debug|Any CPU.ActiveCfg = Debug|Any CPU
		{E89329A0-DE54-4DA0-83BE-1AD7D0512400}.Debug|Any CPU.Build.0 = Debug|Any CPU
		{E89329A0-DE54-4DA0-83BE-1AD7D0512400}.Release|Any CPU.ActiveCfg = Release|Any CPU
		{E89329A0-DE54-4DA0-83BE-1AD7D0512400}.Release|Any CPU.Build.0 = Release|Any CPU
	EndGlobalSection
	GlobalSection(SolutionProperties) = preSolution
		HideSolutionNode = FALSE
	EndGlobalSection
	GlobalSection(NestedProjects) = preSolution
		{50AA37FB-966D-4283-AF7D-0E0EFCC59EF0} = {76080D49-40CE-4BCE-95DE-AF4B1A738260}
		{958592EE-49E4-4514-B48E-8E635D9D7CF7} = {76080D49-40CE-4BCE-95DE-AF4B1A738260}
		{9AD02FC4-29E4-44FC-9224-787965544CA9} = {76080D49-40CE-4BCE-95DE-AF4B1A738260}
		{B24E8AFD-72A6-4959-897D-489F2FC7D3A5} = {1ADEC49F-B6CB-4974-B269-1327A071B653}
		{1ADEC49F-B6CB-4974-B269-1327A071B653} = {F737BC8E-6007-4E56-A703-0F8F461DE250}
		{ADEDFDD8-C3B8-4610-B24D-50D4288627B4} = {1ADEC49F-B6CB-4974-B269-1327A071B653}
		{2A6355D6-F6A1-4298-B571-DBE7BBFF1CE0} = {1ADEC49F-B6CB-4974-B269-1327A071B653}
		{491B4B33-9968-4176-9568-B2E2349CAA37} = {1ADEC49F-B6CB-4974-B269-1327A071B653}
		{67E6AF54-3501-4C75-A39A-DF93FA6C5A79} = {1ADEC49F-B6CB-4974-B269-1327A071B653}
		{D959E114-4425-4361-9696-746450465154} = {F737BC8E-6007-4E56-A703-0F8F461DE250}
		{CFF0D330-343C-4FE1-BAEE-3E25FB2D16DE} = {D959E114-4425-4361-9696-746450465154}
		{17B94081-7B4C-4631-BD1D-94881A2286E2} = {D959E114-4425-4361-9696-746450465154}
		{541A369A-048D-4BF9-8093-5BA58FF8F8CE} = {D959E114-4425-4361-9696-746450465154}
		{4A12E05B-0D88-4170-87F2-75C7D4A85FB9} = {D959E114-4425-4361-9696-746450465154}
		{3C1DEDC9-9195-4A89-8D20-58FA2C713407} = {5DD27A9E-44C1-4753-8932-9618D029EC6C}
		{6C08FDF4-CFE9-4DA0-AC0F-1C5BE7FA1C73} = {F737BC8E-6007-4E56-A703-0F8F461DE250}
		{E907F1B0-50CE-4270-80DC-9030CC41B4E3} = {5DD27A9E-44C1-4753-8932-9618D029EC6C}
		{29313BDB-C35C-40BB-AFB4-CDAEA512D5D9} = {5DD27A9E-44C1-4753-8932-9618D029EC6C}
		{6559ACC5-4298-4F78-9627-101F91351476} = {5DD27A9E-44C1-4753-8932-9618D029EC6C}
		{9279755E-D6F8-46F8-8CA0-44917A37D01A} = {5DD27A9E-44C1-4753-8932-9618D029EC6C}
		{04C6375E-333E-4C4E-9034-727ED0836BA2} = {76080D49-40CE-4BCE-95DE-AF4B1A738260}
		{281C4929-957F-41D1-8A03-46C0D05CCB76} = {1ADEC49F-B6CB-4974-B269-1327A071B653}
		{94C01CF8-9F47-4416-9196-E2FFE5A22FAF} = {1ADEC49F-B6CB-4974-B269-1327A071B653}
		{6FEAF33E-9574-4F04-A37B-13FA0359420D} = {F737BC8E-6007-4E56-A703-0F8F461DE250}
		{096382C4-E964-4B9A-AAD8-FFF7814880CB} = {6FEAF33E-9574-4F04-A37B-13FA0359420D}
		{CAC632F5-8281-4D78-8669-B6074CD92B06} = {F737BC8E-6007-4E56-A703-0F8F461DE250}
		{A6FD7311-C62E-460B-906A-46D2365A2242} = {CAC632F5-8281-4D78-8669-B6074CD92B06}
		{C8BE503A-3CF7-43EE-8D39-D9D751A2C4D0} = {814D3361-4A1C-40C9-AB79-C84410559B22}
		{B1D789F7-A018-4EFB-AC05-5AD859C61F8B} = {814D3361-4A1C-40C9-AB79-C84410559B22}
		{3267B689-ED89-4C2C-9549-1E86525E248F} = {814D3361-4A1C-40C9-AB79-C84410559B22}
		{E89329A0-DE54-4DA0-83BE-1AD7D0512400} = {814D3361-4A1C-40C9-AB79-C84410559B22}
	EndGlobalSection
	GlobalSection(ExtensibilityGlobals) = postSolution
		SolutionGuid = {A16A8AD0-3FF3-4ED2-BF81-F899F9BC1FBE}
	EndGlobalSection
EndGlobal
